
Microsoft Visual Studio Solution File, Format Version 12.00
# Visual Studio Version 17
VisualStudioVersion = 17.3.32929.385
MinimumVisualStudioVersion = 10.0.40219.1
Project("{9A19103F-16F7-4668-BE54-9A1E7A4F7556}") = "DelegateDemoProject", "DelegateDemoProject\DelegateDemoProject.csproj", "{47813AE7-42BB-4FE3-8F28-677EA0168DE3}"
EndProject
Project("{9A19103F-16F7-4668-BE54-9A1E7A4F7556}") = "WPFDelegateDemo", "WPFDelegateDemo\WPFDelegateDemo.csproj", "{7D48CDA8-CF92-4950-9466-7DCD5D33D455}"
EndProject
Project("{FAE04EC0-301F-11D3-BF4B-00C04F79EFBC}") = "EventDemoProject", "..\EventDemoApp\EventDemoProject\EventDemoProject.csproj", "{64576BE3-6D09-4A31-8EF7-23D96E4E36C4}"
EndProject
Global
	GlobalSection(SolutionConfigurationPlatforms) = preSolution
		Debug|Any CPU = Debug|Any CPU
		Release|Any CPU = Release|Any CPU
	EndGlobalSection
	GlobalSection(ProjectConfigurationPlatforms) = postSolution
		{47813AE7-42BB-4FE3-8F28-677EA0168DE3}.Debug|Any CPU.ActiveCfg = Debug|Any CPU
		{47813AE7-42BB-4FE3-8F28-677EA0168DE3}.Debug|Any CPU.Build.0 = Debug|Any CPU
		{47813AE7-42BB-4FE3-8F28-677EA0168DE3}.Release|Any CPU.ActiveCfg = Release|Any CPU
		{47813AE7-42BB-4FE3-8F28-677EA0168DE3}.Release|Any CPU.Build.0 = Release|Any CPU
		{7D48CDA8-CF92-4950-9466-7DCD5D33D455}.Debug|Any CPU.ActiveCfg = Debug|Any CPU
		{7D48CDA8-CF92-4950-9466-7DCD5D33D455}.Debug|Any CPU.Build.0 = Debug|Any CPU
		{7D48CDA8-CF92-4950-9466-7DCD5D33D455}.Release|Any CPU.ActiveCfg = Release|Any CPU
		{7D48CDA8-CF92-4950-9466-7DCD5D33D455}.Release|Any CPU.Build.0 = Release|Any CPU
		{64576BE3-6D09-4A31-8EF7-23D96E4E36C4}.Debug|Any CPU.ActiveCfg = Debug|Any CPU
		{64576BE3-6D09-4A31-8EF7-23D96E4E36C4}.Debug|Any CPU.Build.0 = Debug|Any CPU
		{64576BE3-6D09-4A31-8EF7-23D96E4E36C4}.Release|Any CPU.ActiveCfg = Release|Any CPU
		{64576BE3-6D09-4A31-8EF7-23D96E4E36C4}.Release|Any CPU.Build.0 = Release|Any CPU
	EndGlobalSection
	GlobalSection(SolutionProperties) = preSolution
		HideSolutionNode = FALSE
	EndGlobalSection
	GlobalSection(ExtensibilityGlobals) = postSolution
		SolutionGuid = {A0F32485-433D-4FDC-9E50-97102936D8A0}
	EndGlobalSection
EndGlobal
